{
  "name": "automatic_images",
  "version": "1.0.0",
  "lockfileVersion": 1,
  "requires": true,
  "dependencies": {
    "progressive-image": {
      "version": "1.2.0",
      "resolved": "https://registry.npmjs.org/progressive-image/-/progressive-image-1.2.0.tgz",
      "integrity": "sha512-7kXGqil/Yq1orBe9EoLVFvrjK2/fVtPDf0uC/wmCw+vML6XPkXTqZvNSiBLZEGfgo9WhIPrGZ591YC6a6ilLKA=="
    }
  }
}
